
Microsoft Visual Studio Solution File, Format Version 12.00
# Visual Studio 15
VisualStudioVersion = 15.0.28307.539
MinimumVisualStudioVersion = 10.0.40219.1
Project("{FAE04EC0-301F-11D3-BF4B-00C04F79EFBC}") = "WpfApp1", "WpfApp1\WpfApp1.csproj", "{EF365AA8-9483-4E2C-8FAC-07AF25557F23}"
EndProject
Global
	GlobalSection(SolutionConfigurationPlatforms) = preSolution
		Debug|Any CPU = Debug|Any CPU
		Release|Any CPU = Release|Any CPU
	EndGlobalSection
	GlobalSection(ProjectConfigurationPlatforms) = postSolution
		{EF365AA8-9483-4E2C-8FAC-07AF25557F23}.Debug|Any CPU.ActiveCfg = Debug|Any CPU
		{EF365AA8-9483-4E2C-8FAC-07AF25557F23}.Debug|Any CPU.Build.0 = Debug|Any CPU
		{EF365AA8-9483-4E2C-8FAC-07AF25557F23}.Release|Any CPU.ActiveCfg = Release|Any CPU
		{EF365AA8-9483-4E2C-8FAC-07AF25557F23}.Release|Any CPU.Build.0 = Release|Any CPU
	EndGlobalSection
	GlobalSection(SolutionProperties) = preSolution
		HideSolutionNode = FALSE
	EndGlobalSection
	GlobalSection(ExtensibilityGlobals) = postSolution
		SolutionGuid = {00209F37-D402-43EA-BFB5-3F18355A4CE1}
	EndGlobalSection
EndGlobal
